<?xml version="1.0" encoding="utf-8"?>
<Project ToolsVersion="4.0" xmlns="http://schemas.microsoft.com/developer/msbuild/2003">
  <ItemGroup>
    <Filter Include="Source Files">
      <UniqueIdentifier>{4FC737F1-C7A5-4376-A066-2A32D752A2FF}</UniqueIdentifier>
      <Extensions>cpp;c;cc;cxx;def;odl;idl;hpj;bat;asm;asmx</Extensions>
    </Filter>
    <Filter Include="Header Files">
      <UniqueIdentifier>{93995380-89BD-4b04-88EB-625FBE52EBFB}</UniqueIdentifier>
      <Extensions>h;hpp;hxx;hm;inl;inc;xsd</Extensions>
    </Filter>
    <Filter Include="Resource Files">
      <UniqueIdentifier>{67DA6AB6-F800-4c08-8B7A-83BB121AAD01}</UniqueIdentifier>
      <Extensions>rc;ico;cur;bmp;dlg;rc2;rct;bin;rgs;gif;jpg;jpeg;jpe;resx;tiff;tif;png;wav</Extensions>
    </Filter>
    <Filter Include="MeanShift">
      <UniqueIdentifier>{54f5594a-8ea4-4fc1-9b5b-ce2ad0a47556}</UniqueIdentifier>
    </Filter>
  </ItemGroup>
  <ItemGroup>
    <ClCompile Include="PictureHandler.cpp">
      <Filter>Source Files</Filter>
    </ClCompile>
    <ClCompile Include="Saliency.cpp">
      <Filter>Source Files</Filter>
    </ClCompile>
    <ClCompile Include="SalientRegionDetector.cpp">
      <Filter>Source Files</Filter>
    </ClCompile>
    <ClCompile Include="SalientRegionDetectorDlg.cpp">
      <Filter>Source Files</Filter>
    </ClCompile>
    <ClCompile Include="stdafx.cpp">
      <Filter>Source Files</Filter>
    </ClCompile>
    <ClCompile Include="MeanShiftCode\ms.cpp">
      <Filter>MeanShift</Filter>
    </ClCompile>
    <ClCompile Include="MeanShiftCode\msImageProcessor.cpp">
      <Filter>MeanShift</Filter>
    </ClCompile>
    <ClCompile Include="MeanShiftCode\RAList.cpp">
      <Filter>MeanShift</Filter>
    </ClCompile>
    <ClCompile Include="MeanShiftCode\rlist.cpp">
      <Filter>MeanShift</Filter>
    </ClCompile>
  </ItemGroup>
  <ItemGroup>
    <ClInclude Include="PictureHandler.h">
      <Filter>Header Files</Filter>
    </ClInclude>
    <ClInclude Include="Resource.h">
      <Filter>Header Files</Filter>
    </ClInclude>
    <ClInclude Include="Saliency.h">
      <Filter>Header Files</Filter>
    </ClInclude>
    <ClInclude Include="SalientRegionDetector.h">
      <Filter>Header Files</Filter>
    </ClInclude>
    <ClInclude Include="SalientRegionDetectorDlg.h">
      <Filter>Header Files</Filter>
    </ClInclude>
    <ClInclude Include="stdafx.h">
      <Filter>Header Files</Filter>
    </ClInclude>
    <ClInclude Include="targetver.h">
      <Filter>Header Files</Filter>
    </ClInclude>
    <ClInclude Include="MeanShiftCode\ms.h">
      <Filter>MeanShift</Filter>
    </ClInclude>
    <ClInclude Include="MeanShiftCode\msImageProcessor.h">
      <Filter>MeanShift</Filter>
    </ClInclude>
    <ClInclude Include="MeanShiftCode\RAList.h">
      <Filter>MeanShift</Filter>
    </ClInclude>
    <ClInclude Include="MeanShiftCode\rlist.h">
      <Filter>MeanShift</Filter>
    </ClInclude>
    <ClInclude Include="MeanShiftCode\tdef.h">
      <Filter>MeanShift</Filter>
    </ClInclude>
  </ItemGroup>
  <ItemGroup>
    <Image Include="res\SalientRegionDetector.ico">
      <Filter>Resource Files</Filter>
    </Image>
  </ItemGroup>
  <ItemGroup>
    <ResourceCompile Include="SalientRegionDetector.rc">
      <Filter>Resource Files</Filter>
    </ResourceCompile>
  </ItemGroup>
  <ItemGroup>
    <None Include="res\SalientRegionDetector.rc2">
      <Filter>Resource Files</Filter>
    </None>
  </ItemGroup>
  <ItemGroup>
    <Text Include="ReadMe.txt" />
  </ItemGroup>
</Project>